
Microsoft Visual Studio Solution File, Format Version 12.00
# Visual Studio 15
VisualStudioVersion = 15.0.27004.2008
MinimumVisualStudioVersion = 10.0.40219.1
Project("{E24C65DC-7377-472B-9ABA-BC803B73C61A}") = "site", "..\site\", "{326CE2C0-5F19-4D44-915B-D0F53A62DDB2}"
	ProjectSection(WebsiteProperties) = preProject
		TargetFrameworkMoniker = ".NETFramework,Version%3Dv4.6.1"
		Debug.AspNetCompiler.VirtualPath = "/localhost_60441"
		Debug.AspNetCompiler.PhysicalPath = "..\site\"
		Debug.AspNetCompiler.TargetPath = "PrecompiledWeb\localhost_60441\"
		Debug.AspNetCompiler.Updateable = "true"
		Debug.AspNetCompiler.ForceOverwrite = "true"
		Debug.AspNetCompiler.FixedNames = "false"
		Debug.AspNetCompiler.Debug = "True"
		Release.AspNetCompiler.VirtualPath = "/localhost_60441"
		Release.AspNetCompiler.PhysicalPath = "..\site\"
		Release.AspNetCompiler.TargetPath = "PrecompiledWeb\localhost_60441\"
		Release.AspNetCompiler.Updateable = "true"
		Release.AspNetCompiler.ForceOverwrite = "true"
		Release.AspNetCompiler.FixedNames = "false"
		Release.AspNetCompiler.Debug = "False"
		VWDPort = "60441"
		SlnRelativePath = "..\site\"
	EndProjectSection
EndProject
Global
	GlobalSection(SolutionConfigurationPlatforms) = preSolution
		Debug|Any CPU = Debug|Any CPU
	EndGlobalSection
	GlobalSection(ProjectConfigurationPlatforms) = postSolution
		{326CE2C0-5F19-4D44-915B-D0F53A62DDB2}.Debug|Any CPU.ActiveCfg = Debug|Any CPU
		{326CE2C0-5F19-4D44-915B-D0F53A62DDB2}.Debug|Any CPU.Build.0 = Debug|Any CPU
	EndGlobalSection
	GlobalSection(SolutionProperties) = preSolution
		HideSolutionNode = FALSE
	EndGlobalSection
	GlobalSection(ExtensibilityGlobals) = postSolution
		SolutionGuid = {02372A00-E73E-4F79-B8EF-34F170699AC7}
	EndGlobalSection
EndGlobal
